// !$*UTF8*$!
{
	archiveVersion = 1;
	classes = {
	};
	objectVersion = 56;
	objects = {

/* Begin PBXBuildFile section */
		5A7747F32BB591D2002DB7AA /* AppDelegate.swift in Sources */ = {isa = PBXBuildFile; fileRef = 5A7747F22BB591D2002DB7AA /* AppDelegate.swift */; };
		5A7747F52BB591D2002DB7AA /* SceneDelegate.swift in Sources */ = {isa = PBXBuildFile; fileRef = 5A7747F42BB591D2002DB7AA /* SceneDelegate.swift */; };
		5A7747F72BB591D2002DB7AA /* ViewController.swift in Sources */ = {isa = PBXBuildFile; fileRef = 5A7747F62BB591D2002DB7AA /* ViewController.swift */; };
		5A7747FC2BB591D7002DB7AA /* Assets.xcassets in Resources */ = {isa = PBXBuildFile; fileRef = 5A7747FB2BB591D7002DB7AA /* Assets.xcassets */; };
		5A7747FF2BB591D7002DB7AA /* LaunchScreen.storyboard in Resources */ = {isa = PBXBuildFile; fileRef = 5A7747FD2BB591D7002DB7AA /* LaunchScreen.storyboard */; };
		5A7748072BB595BD002DB7AA /* ServisesCollectionViewCell.swift in Sources */ = {isa = PBXBuildFile; fileRef = 5A7748062BB595BD002DB7AA /* ServisesCollectionViewCell.swift */; };
		5A77480A2BB5AF9F002DB7AA /* ResponceStruct.swift in Sources */ = {isa = PBXBuildFile; fileRef = 5A7748092BB5AF9F002DB7AA /* ResponceStruct.swift */; };
		5A77480C2BB5AFCA002DB7AA /* NetworkClient.swift in Sources */ = {isa = PBXBuildFile; fileRef = 5A77480B2BB5AFCA002DB7AA /* NetworkClient.swift */; };
		5A77480E2BB5B07C002DB7AA /* NetworkHelpers.swift in Sources */ = {isa = PBXBuildFile; fileRef = 5A77480D2BB5B07C002DB7AA /* NetworkHelpers.swift */; };
		5A7748102BB5B21E002DB7AA /* ViewControllerPresenter.swift in Sources */ = {isa = PBXBuildFile; fileRef = 5A77480F2BB5B21E002DB7AA /* ViewControllerPresenter.swift */; };
		5A7748122BB5B3A4002DB7AA /* ViewModuleAssembly.swift in Sources */ = {isa = PBXBuildFile; fileRef = 5A7748112BB5B3A4002DB7AA /* ViewModuleAssembly.swift */; };
		5A7748152BB5D0C7002DB7AA /* Kingfisher in Frameworks */ = {isa = PBXBuildFile; productRef = 5A7748142BB5D0C7002DB7AA /* Kingfisher */; };
/* End PBXBuildFile section */

/* Begin PBXFileReference section */
		5A7747EF2BB591D2002DB7AA /* Servises.app */ = {isa = PBXFileReference; explicitFileType = wrapper.application; includeInIndex = 0; path = Servises.app; sourceTree = BUILT_PRODUCTS_DIR; };
		5A7747F22BB591D2002DB7AA /* AppDelegate.swift */ = {isa = PBXFileReference; lastKnownFileType = sourcecode.swift; path = AppDelegate.swift; sourceTree = "<group>"; };
		5A7747F42BB591D2002DB7AA /* SceneDelegate.swift */ = {isa = PBXFileReference; lastKnownFileType = sourcecode.swift; path = SceneDelegate.swift; sourceTree = "<group>"; };
		5A7747F62BB591D2002DB7AA /* ViewController.swift */ = {isa = PBXFileReference; lastKnownFileType = sourcecode.swift; path = ViewController.swift; sourceTree = "<group>"; };
		5A7747FB2BB591D7002DB7AA /* Assets.xcassets */ = {isa = PBXFileReference; lastKnownFileType = folder.assetcatalog; path = Assets.xcassets; sourceTree = "<group>"; };
		5A7747FE2BB591D7002DB7AA /* Base */ = {isa = PBXFileReference; lastKnownFileType = file.storyboard; name = Base; path = Base.lproj/LaunchScreen.storyboard; sourceTree = "<group>"; };
		5A7748002BB591D7002DB7AA /* Info.plist */ = {isa = PBXFileReference; lastKnownFileType = text.plist.xml; path = Info.plist; sourceTree = "<group>"; };
		5A7748062BB595BD002DB7AA /* ServisesCollectionViewCell.swift */ = {isa = PBXFileReference; lastKnownFileType = sourcecode.swift; path = ServisesCollectionViewCell.swift; sourceTree = "<group>"; };
		5A7748092BB5AF9F002DB7AA /* ResponceStruct.swift */ = {isa = PBXFileReference; lastKnownFileType = sourcecode.swift; path = ResponceStruct.swift; sourceTree = "<group>"; };
		5A77480B2BB5AFCA002DB7AA /* NetworkClient.swift */ = {isa = PBXFileReference; lastKnownFileType = sourcecode.swift; path = NetworkClient.swift; sourceTree = "<group>"; };
		5A77480D2BB5B07C002DB7AA /* NetworkHelpers.swift */ = {isa = PBXFileReference; lastKnownFileType = sourcecode.swift; path = NetworkHelpers.swift; sourceTree = "<group>"; };
		5A77480F2BB5B21E002DB7AA /* ViewControllerPresenter.swift */ = {isa = PBXFileReference; lastKnownFileType = sourcecode.swift; path = ViewControllerPresenter.swift; sourceTree = "<group>"; };
		5A7748112BB5B3A4002DB7AA /* ViewModuleAssembly.swift */ = {isa = PBXFileReference; lastKnownFileType = sourcecode.swift; path = ViewModuleAssembly.swift; sourceTree = "<group>"; };
/* End PBXFileReference section */

/* Begin PBXFrameworksBuildPhase section */
		5A7747EC2BB591D2002DB7AA /* Frameworks */ = {
			isa = PBXFrameworksBuildPhase;
			buildActionMask = 2147483647;
			files = (
				5A7748152BB5D0C7002DB7AA /* Kingfisher in Frameworks */,
			);
			runOnlyForDeploymentPostprocessing = 0;
		};
/* End PBXFrameworksBuildPhase section */

/* Begin PBXGroup section */
		5A7747E62BB591D2002DB7AA = {
			isa = PBXGroup;
			children = (
				5A7748082BB5AF87002DB7AA /* Network */,
				5A7747F12BB591D2002DB7AA /* Servises */,
				5A7747F02BB591D2002DB7AA /* Products */,
			);
			sourceTree = "<group>";
		};
		5A7747F02BB591D2002DB7AA /* Products */ = {
			isa = PBXGroup;
			children = (
				5A7747EF2BB591D2002DB7AA /* Servises.app */,
			);
			name = Products;
			sourceTree = "<group>";
		};
		5A7747F12BB591D2002DB7AA /* Servises */ = {
			isa = PBXGroup;
			children = (
				5A7748112BB5B3A4002DB7AA /* ViewModuleAssembly.swift */,
				5A7747F22BB591D2002DB7AA /* AppDelegate.swift */,
				5A7747F42BB591D2002DB7AA /* SceneDelegate.swift */,
				5A7747F62BB591D2002DB7AA /* ViewController.swift */,
				5A77480F2BB5B21E002DB7AA /* ViewControllerPresenter.swift */,
				5A7748062BB595BD002DB7AA /* ServisesCollectionViewCell.swift */,
				5A7747FB2BB591D7002DB7AA /* Assets.xcassets */,
				5A7747FD2BB591D7002DB7AA /* LaunchScreen.storyboard */,
				5A7748002BB591D7002DB7AA /* Info.plist */,
			);
			path = Servises;
			sourceTree = "<group>";
		};
		5A7748082BB5AF87002DB7AA /* Network */ = {
			isa = PBXGroup;
			children = (
				5A7748092BB5AF9F002DB7AA /* ResponceStruct.swift */,
				5A77480B2BB5AFCA002DB7AA /* NetworkClient.swift */,
				5A77480D2BB5B07C002DB7AA /* NetworkHelpers.swift */,
			);
			path = Network;
			sourceTree = "<group>";
		};
/* End PBXGroup section */

/* Begin PBXNativeTarget section */
		5A7747EE2BB591D2002DB7AA /* Servises */ = {
			isa = PBXNativeTarget;
			buildConfigurationList = 5A7748032BB591D7002DB7AA /* Build configuration list for PBXNativeTarget "Servises" */;
			buildPhases = (
				5A7747EB2BB591D2002DB7AA /* Sources */,
				5A7747EC2BB591D2002DB7AA /* Frameworks */,
				5A7747ED2BB591D2002DB7AA /* Resources */,
			);
			buildRules = (
			);
			dependencies = (
			);
			name = Servises;
			packageProductDependencies = (
				5A7748142BB5D0C7002DB7AA /* Kingfisher */,
			);
			productName = Servises;
			productReference = 5A7747EF2BB591D2002DB7AA /* Servises.app */;
			productType = "com.apple.product-type.application";
		};
/* End PBXNativeTarget section */

/* Begin PBXProject section */
		5A7747E72BB591D2002DB7AA /* Project object */ = {
			isa = PBXProject;
			attributes = {
				BuildIndependentTargetsInParallel = 1;
				LastSwiftUpdateCheck = 1420;
				LastUpgradeCheck = 1420;
				TargetAttributes = {
					5A7747EE2BB591D2002DB7AA = {
						CreatedOnToolsVersion = 14.2;
					};
				};
			};
			buildConfigurationList = 5A7747EA2BB591D2002DB7AA /* Build configuration list for PBXProject "Servises" */;
			compatibilityVersion = "Xcode 14.0";
			developmentRegion = en;
			hasScannedForEncodings = 0;
			knownRegions = (
				en,
				Base,
			);
			mainGroup = 5A7747E62BB591D2002DB7AA;
			packageReferences = (
				5A7748132BB5D0C7002DB7AA /* XCRemoteSwiftPackageReference "Kingfisher" */,
			);
			productRefGroup = 5A7747F02BB591D2002DB7AA /* Products */;
			projectDirPath = "";
			projectRoot = "";
			targets = (
				5A7747EE2BB591D2002DB7AA /* Servises */,
			);
		};
/* End PBXProject section */

/* Begin PBXResourcesBuildPhase section */
		5A7747ED2BB591D2002DB7AA /* Resources */ = {
			isa = PBXResourcesBuildPhase;
			buildActionMask = 2147483647;
			files = (
				5A7747FF2BB591D7002DB7AA /* LaunchScreen.storyboard in Resources */,
				5A7747FC2BB591D7002DB7AA /* Assets.xcassets in Resources */,
			);
			runOnlyForDeploymentPostprocessing = 0;
		};
/* End PBXResourcesBuildPhase section */

/* Begin PBXSourcesBuildPhase section */
		5A7747EB2BB591D2002DB7AA /* Sources */ = {
			isa = PBXSourcesBuildPhase;
			buildActionMask = 2147483647;
			files = (
				5A77480A2BB5AF9F002DB7AA /* ResponceStruct.swift in Sources */,
				5A77480E2BB5B07C002DB7AA /* NetworkHelpers.swift in Sources */,
				5A7748072BB595BD002DB7AA /* ServisesCollectionViewCell.swift in Sources */,
				5A7747F72BB591D2002DB7AA /* ViewController.swift in Sources */,
				5A7748122BB5B3A4002DB7AA /* ViewModuleAssembly.swift in Sources */,
				5A7747F32BB591D2002DB7AA /* AppDelegate.swift in Sources */,
				5A77480C2BB5AFCA002DB7AA /* NetworkClient.swift in Sources */,
				5A7747F52BB591D2002DB7AA /* SceneDelegate.swift in Sources */,
				5A7748102BB5B21E002DB7AA /* ViewControllerPresenter.swift in Sources */,
			);
			runOnlyForDeploymentPostprocessing = 0;
		};
/* End PBXSourcesBuildPhase section */

/* Begin PBXVariantGroup section */
		5A7747FD2BB591D7002DB7AA /* LaunchScreen.storyboard */ = {
			isa = PBXVariantGroup;
			children = (
				5A7747FE2BB591D7002DB7AA /* Base */,
			);
			name = LaunchScreen.storyboard;
			sourceTree = "<group>";
		};
/* End PBXVariantGroup section */

/* Begin XCBuildConfiguration section */
		5A7748012BB591D7002DB7AA /* Debug */ = {
			isa = XCBuildConfiguration;
			buildSettings = {
				ALWAYS_SEARCH_USER_PATHS = NO;
				CLANG_ANALYZER_NONNULL = YES;
				CLANG_ANALYZER_NUMBER_OBJECT_CONVERSION = YES_AGGRESSIVE;
				CLANG_CXX_LANGUAGE_STANDARD = "gnu++20";
				CLANG_ENABLE_MODULES = YES;
				CLANG_ENABLE_OBJC_ARC = YES;
				CLANG_ENABLE_OBJC_WEAK = YES;
				CLANG_WARN_BLOCK_CAPTURE_AUTORELEASING = YES;
				CLANG_WARN_BOOL_CONVERSION = YES;
				CLANG_WARN_COMMA = YES;
				CLANG_WARN_CONSTANT_CONVERSION = YES;
				CLANG_WARN_DEPRECATED_OBJC_IMPLEMENTATIONS = YES;
				CLANG_WARN_DIRECT_OBJC_ISA_USAGE = YES_ERROR;
				CLANG_WARN_DOCUMENTATION_COMMENTS = YES;
				CLANG_WARN_EMPTY_BODY = YES;
				CLANG_WARN_ENUM_CONVERSION = YES;
				CLANG_WARN_INFINITE_RECURSION = YES;
				CLANG_WARN_INT_CONVERSION = YES;
				CLANG_WARN_NON_LITERAL_NULL_CONVERSION = YES;
				CLANG_WARN_OBJC_IMPLICIT_RETAIN_SELF = YES;
				CLANG_WARN_OBJC_LITERAL_CONVERSION = YES;
				CLANG_WARN_OBJC_ROOT_CLASS = YES_ERROR;
				CLANG_WARN_QUOTED_INCLUDE_IN_FRAMEWORK_HEADER = YES;
				CLANG_WARN_RANGE_LOOP_ANALYSIS = YES;
				CLANG_WARN_STRICT_PROTOTYPES = YES;
				CLANG_WARN_SUSPICIOUS_MOVE = YES;
				CLANG_WARN_UNGUARDED_AVAILABILITY = YES_AGGRESSIVE;
				CLANG_WARN_UNREACHABLE_CODE = YES;
				CLANG_WARN__DUPLICATE_METHOD_MATCH = YES;
				COPY_PHASE_STRIP = NO;
				DEBUG_INFORMATION_FORMAT = dwarf;
				ENABLE_STRICT_OBJC_MSGSEND = YES;
				ENABLE_TESTABILITY = YES;
				GCC_C_LANGUAGE_STANDARD = gnu11;
				GCC_DYNAMIC_NO_PIC = NO;
				GCC_NO_COMMON_BLOCKS = YES;
				GCC_OPTIMIZATION_LEVEL = 0;
				GCC_PREPROCESSOR_DEFINITIONS = (
					"DEBUG=1",
					"$(inherited)",
				);
				GCC_WARN_64_TO_32_BIT_CONVERSION = YES;
				GCC_WARN_ABOUT_RETURN_TYPE = YES_ERROR;
				GCC_WARN_UNDECLARED_SELECTOR = YES;
				GCC_WARN_UNINITIALIZED_AUTOS = YES_AGGRESSIVE;
				GCC_WARN_UNUSED_FUNCTION = YES;
				GCC_WARN_UNUSED_VARIABLE = YES;
				IPHONEOS_DEPLOYMENT_TARGET = 16.2;
				MTL_ENABLE_DEBUG_INFO = INCLUDE_SOURCE;
				MTL_FAST_MATH = YES;
				ONLY_ACTIVE_ARCH = YES;
				SDKROOT = iphoneos;
				SWIFT_ACTIVE_COMPILATION_CONDITIONS = DEBUG;
				SWIFT_OPTIMIZATION_LEVEL = "-Onone";
			};
			name = Debug;
		};
		5A7748022BB591D7002DB7AA /* Release */ = {
			isa = XCBuildConfiguration;
			buildSettings = {
				ALWAYS_SEARCH_USER_PATHS = NO;
				CLANG_ANALYZER_NONNULL = YES;
				CLANG_ANALYZER_NUMBER_OBJECT_CONVERSION = YES_AGGRESSIVE;
				CLANG_CXX_LANGUAGE_STANDARD = "gnu++20";
				CLANG_ENABLE_MODULES = YES;
				CLANG_ENABLE_OBJC_ARC = YES;
				CLANG_ENABLE_OBJC_WEAK = YES;
				CLANG_WARN_BLOCK_CAPTURE_AUTORELEASING = YES;
				CLANG_WARN_BOOL_CONVERSION = YES;
				CLANG_WARN_COMMA = YES;
				CLANG_WARN_CONSTANT_CONVERSION = YES;
				CLANG_WARN_DEPRECATED_OBJC_IMPLEMENTATIONS = YES;
				CLANG_WARN_DIRECT_OBJC_ISA_USAGE = YES_ERROR;
				CLANG_WARN_DOCUMENTATION_COMMENTS = YES;
				CLANG_WARN_EMPTY_BODY = YES;
				CLANG_WARN_ENUM_CONVERSION = YES;
				CLANG_WARN_INFINITE_RECURSION = YES;
				CLANG_WARN_INT_CONVERSION = YES;
				CLANG_WARN_NON_LITERAL_NULL_CONVERSION = YES;
				CLANG_WARN_OBJC_IMPLICIT_RETAIN_SELF = YES;
				CLANG_WARN_OBJC_LITERAL_CONVERSION = YES;
				CLANG_WARN_OBJC_ROOT_CLASS = YES_ERROR;
				CLANG_WARN_QUOTED_INCLUDE_IN_FRAMEWORK_HEADER = YES;
				CLANG_WARN_RANGE_LOOP_ANALYSIS = YES;
				CLANG_WARN_STRICT_PROTOTYPES = YES;
				CLANG_WARN_SUSPICIOUS_MOVE = YES;
				CLANG_WARN_UNGUARDED_AVAILABILITY = YES_AGGRESSIVE;
				CLANG_WARN_UNREACHABLE_CODE = YES;
				CLANG_WARN__DUPLICATE_METHOD_MATCH = YES;
				COPY_PHASE_STRIP = NO;
				DEBUG_INFORMATION_FORMAT = "dwarf-with-dsym";
				ENABLE_NS_ASSERTIONS = NO;
				ENABLE_STRICT_OBJC_MSGSEND = YES;
				GCC_C_LANGUAGE_STANDARD = gnu11;
				GCC_NO_COMMON_BLOCKS = YES;
				GCC_WARN_64_TO_32_BIT_CONVERSION = YES;
				GCC_WARN_ABOUT_RETURN_TYPE = YES_ERROR;
				GCC_WARN_UNDECLARED_SELECTOR = YES;
				GCC_WARN_UNINITIALIZED_AUTOS = YES_AGGRESSIVE;
				GCC_WARN_UNUSED_FUNCTION = YES;
				GCC_WARN_UNUSED_VARIABLE = YES;
				IPHONEOS_DEPLOYMENT_TARGET = 16.2;
				MTL_ENABLE_DEBUG_INFO = NO;
				MTL_FAST_MATH = YES;
				SDKROOT = iphoneos;
				SWIFT_COMPILATION_MODE = wholemodule;
				SWIFT_OPTIMIZATION_LEVEL = "-O";
				VALIDATE_PRODUCT = YES;
			};
			name = Release;
		};
		5A7748042BB591D7002DB7AA /* Debug */ = {
			isa = XCBuildConfiguration;
			buildSettings = {
				ASSETCATALOG_COMPILER_APPICON_NAME = AppIcon;
				ASSETCATALOG_COMPILER_GLOBAL_ACCENT_COLOR_NAME = AccentColor;
				CODE_SIGN_STYLE = Automatic;
				CURRENT_PROJECT_VERSION = 1;
				DEVELOPMENT_TEAM = 5BRAJ87SV2;
				GENERATE_INFOPLIST_FILE = YES;
				INFOPLIST_FILE = Servises/Info.plist;
				INFOPLIST_KEY_UIApplicationSupportsIndirectInputEvents = YES;
				INFOPLIST_KEY_UILaunchStoryboardName = LaunchScreen;
				INFOPLIST_KEY_UISupportedInterfaceOrientations = UIInterfaceOrientationPortrait;
				INFOPLIST_KEY_UISupportedInterfaceOrientations_iPad = "UIInterfaceOrientationLandscapeLeft UIInterfaceOrientationLandscapeRight UIInterfaceOrientationPortrait UIInterfaceOrientationPortraitUpsideDown";
				LD_RUNPATH_SEARCH_PATHS = (
					"$(inherited)",
					"@executable_path/Frameworks",
				);
				MARKETING_VERSION = 1.0;
				PRODUCT_BUNDLE_IDENTIFIER = com.maxzim121.Servises;
				PRODUCT_NAME = "$(TARGET_NAME)";
				SWIFT_EMIT_LOC_STRINGS = YES;
				SWIFT_VERSION = 5.0;
				TARGETED_DEVICE_FAMILY = "1,2";
			};
			name = Debug;
		};
		5A7748052BB591D7002DB7AA /* Release */ = {
			isa = XCBuildConfiguration;
			buildSettings = {
				ASSETCATALOG_COMPILER_APPICON_NAME = AppIcon;
				ASSETCATALOG_COMPILER_GLOBAL_ACCENT_COLOR_NAME = AccentColor;
				CODE_SIGN_STYLE = Automatic;
				CURRENT_PROJECT_VERSION = 1;
				DEVELOPMENT_TEAM = 5BRAJ87SV2;
				GENERATE_INFOPLIST_FILE = YES;
				INFOPLIST_FILE = Servises/Info.plist;
				INFOPLIST_KEY_UIApplicationSupportsIndirectInputEvents = YES;
				INFOPLIST_KEY_UILaunchStoryboardName = LaunchScreen;
				INFOPLIST_KEY_UISupportedInterfaceOrientations = UIInterfaceOrientationPortrait;
				INFOPLIST_KEY_UISupportedInterfaceOrientations_iPad = "UIInterfaceOrientationLandscapeLeft UIInterfaceOrientationLandscapeRight UIInterfaceOrientationPortrait UIInterfaceOrientationPortraitUpsideDown";
				LD_RUNPATH_SEARCH_PATHS = (
					"$(inherited)",
					"@executable_path/Frameworks",
				);
				MARKETING_VERSION = 1.0;
				PRODUCT_BUNDLE_IDENTIFIER = com.maxzim121.Servises;
				PRODUCT_NAME = "$(TARGET_NAME)";
				SWIFT_EMIT_LOC_STRINGS = YES;
				SWIFT_VERSION = 5.0;
				TARGETED_DEVICE_FAMILY = "1,2";
			};
			name = Release;
		};
/* End XCBuildConfiguration section */

/* Begin XCConfigurationList section */
		5A7747EA2BB591D2002DB7AA /* Build configuration list for PBXProject "Servises" */ = {
			isa = XCConfigurationList;
			buildConfigurations = (
				5A7748012BB591D7002DB7AA /* Debug */,
				5A7748022BB591D7002DB7AA /* Release */,
			);
			defaultConfigurationIsVisible = 0;
			defaultConfigurationName = Release;
		};
		5A7748032BB591D7002DB7AA /* Build configuration list for PBXNativeTarget "Servises" */ = {
			isa = XCConfigurationList;
			buildConfigurations = (
				5A7748042BB591D7002DB7AA /* Debug */,
				5A7748052BB591D7002DB7AA /* Release */,
			);
			defaultConfigurationIsVisible = 0;
			defaultConfigurationName = Release;
		};
/* End XCConfigurationList section */

/* Begin XCRemoteSwiftPackageReference section */
		5A7748132BB5D0C7002DB7AA /* XCRemoteSwiftPackageReference "Kingfisher" */ = {
			isa = XCRemoteSwiftPackageReference;
			repositoryURL = "https://github.com/onevcat/Kingfisher.git";
			requirement = {
				branch = master;
				kind = branch;
			};
		};
/* End XCRemoteSwiftPackageReference section */

/* Begin XCSwiftPackageProductDependency section */
		5A7748142BB5D0C7002DB7AA /* Kingfisher */ = {
			isa = XCSwiftPackageProductDependency;
			package = 5A7748132BB5D0C7002DB7AA /* XCRemoteSwiftPackageReference "Kingfisher" */;
			productName = Kingfisher;
		};
/* End XCSwiftPackageProductDependency section */
	};
	rootObject = 5A7747E72BB591D2002DB7AA /* Project object */;
}
